
Microsoft Visual Studio Solution File, Format Version 12.00
# Visual Studio Version 16
VisualStudioVersion = 16.0.30523.141
MinimumVisualStudioVersion = 10.0.40219.1
Project("{FAE04EC0-301F-11D3-BF4B-00C04F79EFBC}") = "MyFirstApp", "MyFirstApp.csproj", "{415FB829-EFED-4126-85F4-1695D851296B}"
EndProject
Global
	GlobalSection(SolutionConfigurationPlatforms) = preSolution
		Debug|Any CPU = Debug|Any CPU
		Release|Any CPU = Release|Any CPU
	EndGlobalSection
	GlobalSection(ProjectConfigurationPlatforms) = postSolution
		{415FB829-EFED-4126-85F4-1695D851296B}.Debug|Any CPU.ActiveCfg = Debug|Any CPU
		{415FB829-EFED-4126-85F4-1695D851296B}.Debug|Any CPU.Build.0 = Debug|Any CPU
		{415FB829-EFED-4126-85F4-1695D851296B}.Release|Any CPU.ActiveCfg = Release|Any CPU
		{415FB829-EFED-4126-85F4-1695D851296B}.Release|Any CPU.Build.0 = Release|Any CPU
	EndGlobalSection
	GlobalSection(SolutionProperties) = preSolution
		HideSolutionNode = FALSE
	EndGlobalSection
	GlobalSection(ExtensibilityGlobals) = postSolution
		SolutionGuid = {81D476DA-AB67-4FE2-B9D2-E38DC4C65F04}
	EndGlobalSection
EndGlobal
